<?xml version="1.0" encoding="utf-8"?>
<Project ToolsVersion="4.0" xmlns="http://schemas.microsoft.com/developer/msbuild/2003">
  <ItemGroup>
    <ClCompile Include="CommonUtils.cpp">
      <Filter>Source Files</Filter>
    </ClCompile>
    <ClCompile Include="Custom_Nav_Draw.cpp">
      <Filter>Source Files</Filter>
    </ClCompile>
    <ClCompile Include="DrawableGaugeAbstract.cpp">
      <Filter>Source Files</Filter>
    </ClCompile>
    <ClCompile Include="Location.cpp">
      <Filter>Source Files</Filter>
    </ClCompile>
    <ClCompile Include="LLA.cpp">
      <Filter>Source Files</Filter>
    </ClCompile>
    <ClCompile Include="NavigationDrawable.cpp">
      <Filter>Source Files</Filter>
    </ClCompile>
    <ClCompile Include="NavigationPropertyOwner.cpp">
      <Filter>Source Files</Filter>
    </ClCompile>
    <ClCompile Include="PHB.cpp">
      <Filter>Source Files</Filter>
    </ClCompile>
    <ClCompile Include="XMLData.cpp">
      <Filter>Source Files</Filter>
    </ClCompile>
    <ClCompile Include="Conversions.cpp">
      <Filter>Source Files</Filter>
    </ClCompile>
  </ItemGroup>
  <ItemGroup>
    <ClInclude Include="CommonUtils.h">
      <Filter>Header Files</Filter>
    </ClInclude>
    <ClInclude Include="DrawableGaugeAbstract.h">
      <Filter>Header Files</Filter>
    </ClInclude>
    <ClInclude Include="LLA.h">
      <Filter>Header Files</Filter>
    </ClInclude>
    <ClInclude Include="Location.h">
      <Filter>Header Files</Filter>
    </ClInclude>
    <ClInclude Include="NavigationDrawable.h">
      <Filter>Header Files</Filter>
    </ClInclude>
    <ClInclude Include="NavigationPropertyOwner.h">
      <Filter>Header Files</Filter>
    </ClInclude>
    <ClInclude Include="XMLData.h">
      <Filter>Header Files</Filter>
    </ClInclude>
  </ItemGroup>
  <ItemGroup>
    <Filter Include="Source Files">
      <UniqueIdentifier>{5475ae0c-90ed-42cc-804b-cc1eff4a8147}</UniqueIdentifier>
    </Filter>
    <Filter Include="Header Files">
      <UniqueIdentifier>{66a301d9-10c6-40ae-b1e8-b11dfbec2231}</UniqueIdentifier>
    </Filter>
  </ItemGroup>
  <ItemGroup>
    <None Include="Custom_Nav_Draw_Def.def">
      <Filter>Source Files</Filter>
    </None>
  </ItemGroup>
</Project>