
Microsoft Visual Studio Solution File, Format Version 12.00
# Visual Studio 14
VisualStudioVersion = 14.0.25420.1
MinimumVisualStudioVersion = 10.0.40219.1
Project("{8BC9CEB8-8B4A-11D0-8D11-00A0C91BC942}") = "CameraPDK", "CameraSystemPrototypes\CameraSystemPDK\CameraPDK.vcxproj", "{0CEC9330-6AA5-44ED-BC4E-20681D609EA4}"
EndProject
Project("{8BC9CEB8-8B4A-11D0-8D11-00A0C91BC942}") = "TargetingPod", "CameraSystemPrototypes\TargetingPodSample\TargetingPod.vcxproj", "{B35E4C32-6D36-4F98-950C-984238F7E9E2}"
EndProject
Project("{8BC9CEB8-8B4A-11D0-8D11-00A0C91BC942}") = "CustomLights", "CustomObjectRenderingSamples\CustomLights\CustomLights.vcxproj", "{36378FF0-C38E-4453-9F99-8A0C2BF11F46}"
EndProject
Project("{8BC9CEB8-8B4A-11D0-8D11-00A0C91BC942}") = "CustomPDKObjects", "CustomObjectRenderingSamples\CustomPDKObjects\CustomPDKObjects.vcxproj", "{DFCE1324-987C-4387-AC34-EBA1B01B5784}"
EndProject
Project("{8BC9CEB8-8B4A-11D0-8D11-00A0C91BC942}") = "RadarPanelCallback", "RadarPanelCallbackSample\RadarPanelCallback.vcxproj", "{F4B30B47-F142-4C31-9401-F3FBF440E1E5}"
EndProject
Project("{8BC9CEB8-8B4A-11D0-8D11-00A0C91BC942}") = "DxGauge", "TextureAndEffectPluginSamples\DxGauge\DxGauge.vcxproj", "{C789E085-BCFE-4BDF-B226-603FDA3C181C}"
EndProject
Project("{8BC9CEB8-8B4A-11D0-8D11-00A0C91BC942}") = "MousePicking", "TextureAndEffectPluginSamples\MousePicking\MousePicking.vcxproj", "{1F3631B2-AD48-496C-9CC0-930A7EB1F9F6}"
EndProject
Project("{8BC9CEB8-8B4A-11D0-8D11-00A0C91BC942}") = "Countermeasure", "Countermeasure\Countermeasure.vcxproj", "{F1D55432-FD81-4ADD-B209-B01894358430}"
EndProject
Project("{8BC9CEB8-8B4A-11D0-8D11-00A0C91BC942}") = "Missile", "Missile\Missile.vcxproj", "{722F784D-1196-4C40-BCAA-F1D6482B1958}"
EndProject
Project("{8BC9CEB8-8B4A-11D0-8D11-00A0C91BC942}") = "SimpleAirplane", "SimpleAirplane\SimpleAirplane.vcxproj", "{2C51DF81-BFC5-4EBB-95FB-F3080DBB16B4}"
EndProject
Project("{8BC9CEB8-8B4A-11D0-8D11-00A0C91BC942}") = "SimpleCar", "SimpleCar\SimpleCar.vcxproj", "{B3F837A9-6D34-4D96-B5AB-F318C64330F0}"
EndProject
Project("{8BC9CEB8-8B4A-11D0-8D11-00A0C91BC942}") = "SimpleHelicopter", "SimpleHelicopter\SimpleHelicopter.vcxproj", "{E61D1022-71A7-4F49-B1C4-28857092C458}"
EndProject
Project("{8BC9CEB8-8B4A-11D0-8D11-00A0C91BC942}") = "RadarAltimeter", "Subsystem\RadarAltimeter.vcxproj", "{5800C712-105F-42AC-98A1-2DD2793F53DC}"
EndProject
Project("{8BC9CEB8-8B4A-11D0-8D11-00A0C91BC942}") = "Tracker", "Tracker\Tracker.vcxproj", "{979B5307-E812-469A-B4FB-76CB6B4A13B5}"
EndProject
Project("{8BC9CEB8-8B4A-11D0-8D11-00A0C91BC942}") = "WheeledTank", "WheeledTank\WheeledTank.vcxproj", "{C1B29A4F-615D-470A-8F4C-BA3C3FD3F2F7}"
EndProject
Project("{8BC9CEB8-8B4A-11D0-8D11-00A0C91BC942}") = "DataHarvester", "DataHarvester\DataHarvester.vcxproj", "{BA3DD0B7-E1A6-44F1-8252-F962B19FCF7C}"
EndProject
Project("{8BC9CEB8-8B4A-11D0-8D11-00A0C91BC942}") = "CustomIcons", "CustomObjectRenderingSamples\CustomIcons\CustomIcons.vcxproj", "{C6D8F94E-6744-4949-8BC8-A3F4BE18247F}"
EndProject
Project("{8BC9CEB8-8B4A-11D0-8D11-00A0C91BC942}") = "HmdSample", "HmdSample\HmdSample.vcxproj", "{CACEF108-C794-468D-A135-E68193E39059}"
EndProject
Project("{8BC9CEB8-8B4A-11D0-8D11-00A0C91BC942}") = "CigiComponentControl", "CigiComponentControl\CigiComponentControl.vcxproj", "{4F87743A-D492-497B-ACB4-8E1EE6D5018A}"
EndProject
Global
	GlobalSection(SolutionConfigurationPlatforms) = preSolution
		Debug|x64 = Debug|x64
		Hybrid|x64 = Hybrid|x64
		Release|x64 = Release|x64
	EndGlobalSection
	GlobalSection(ProjectConfigurationPlatforms) = postSolution
		{0CEC9330-6AA5-44ED-BC4E-20681D609EA4}.Debug|x64.ActiveCfg = Debug|x64
		{0CEC9330-6AA5-44ED-BC4E-20681D609EA4}.Debug|x64.Build.0 = Debug|x64
		{0CEC9330-6AA5-44ED-BC4E-20681D609EA4}.Hybrid|x64.ActiveCfg = Hybrid|x64
		{0CEC9330-6AA5-44ED-BC4E-20681D609EA4}.Hybrid|x64.Build.0 = Hybrid|x64
		{0CEC9330-6AA5-44ED-BC4E-20681D609EA4}.Release|x64.ActiveCfg = Release|x64
		{0CEC9330-6AA5-44ED-BC4E-20681D609EA4}.Release|x64.Build.0 = Release|x64
		{B35E4C32-6D36-4F98-950C-984238F7E9E2}.Debug|x64.ActiveCfg = Debug|x64
		{B35E4C32-6D36-4F98-950C-984238F7E9E2}.Debug|x64.Build.0 = Debug|x64
		{B35E4C32-6D36-4F98-950C-984238F7E9E2}.Hybrid|x64.ActiveCfg = Hybrid|x64
		{B35E4C32-6D36-4F98-950C-984238F7E9E2}.Hybrid|x64.Build.0 = Hybrid|x64
		{B35E4C32-6D36-4F98-950C-984238F7E9E2}.Release|x64.ActiveCfg = Release|x64
		{B35E4C32-6D36-4F98-950C-984238F7E9E2}.Release|x64.Build.0 = Release|x64
		{36378FF0-C38E-4453-9F99-8A0C2BF11F46}.Debug|x64.ActiveCfg = Debug|x64
		{36378FF0-C38E-4453-9F99-8A0C2BF11F46}.Debug|x64.Build.0 = Debug|x64
		{36378FF0-C38E-4453-9F99-8A0C2BF11F46}.Hybrid|x64.ActiveCfg = Hybrid|x64
		{36378FF0-C38E-4453-9F99-8A0C2BF11F46}.Hybrid|x64.Build.0 = Hybrid|x64
		{36378FF0-C38E-4453-9F99-8A0C2BF11F46}.Release|x64.ActiveCfg = Release|x64
		{36378FF0-C38E-4453-9F99-8A0C2BF11F46}.Release|x64.Build.0 = Release|x64
		{DFCE1324-987C-4387-AC34-EBA1B01B5784}.Debug|x64.ActiveCfg = Debug|x64
		{DFCE1324-987C-4387-AC34-EBA1B01B5784}.Debug|x64.Build.0 = Debug|x64
		{DFCE1324-987C-4387-AC34-EBA1B01B5784}.Hybrid|x64.ActiveCfg = Hybrid|x64
		{DFCE1324-987C-4387-AC34-EBA1B01B5784}.Hybrid|x64.Build.0 = Hybrid|x64
		{DFCE1324-987C-4387-AC34-EBA1B01B5784}.Release|x64.ActiveCfg = Release|x64
		{DFCE1324-987C-4387-AC34-EBA1B01B5784}.Release|x64.Build.0 = Release|x64
		{F4B30B47-F142-4C31-9401-F3FBF440E1E5}.Debug|x64.ActiveCfg = Debug|x64
		{F4B30B47-F142-4C31-9401-F3FBF440E1E5}.Debug|x64.Build.0 = Debug|x64
		{F4B30B47-F142-4C31-9401-F3FBF440E1E5}.Hybrid|x64.ActiveCfg = Release|x64
		{F4B30B47-F142-4C31-9401-F3FBF440E1E5}.Hybrid|x64.Build.0 = Release|x64
		{F4B30B47-F142-4C31-9401-F3FBF440E1E5}.Release|x64.ActiveCfg = Release|x64
		{F4B30B47-F142-4C31-9401-F3FBF440E1E5}.Release|x64.Build.0 = Release|x64
		{C789E085-BCFE-4BDF-B226-603FDA3C181C}.Debug|x64.ActiveCfg = Debug|x64
		{C789E085-BCFE-4BDF-B226-603FDA3C181C}.Debug|x64.Build.0 = Debug|x64
		{C789E085-BCFE-4BDF-B226-603FDA3C181C}.Hybrid|x64.ActiveCfg = Hybrid|x64
		{C789E085-BCFE-4BDF-B226-603FDA3C181C}.Hybrid|x64.Build.0 = Hybrid|x64
		{C789E085-BCFE-4BDF-B226-603FDA3C181C}.Release|x64.ActiveCfg = Release|x64
		{C789E085-BCFE-4BDF-B226-603FDA3C181C}.Release|x64.Build.0 = Release|x64
		{1F3631B2-AD48-496C-9CC0-930A7EB1F9F6}.Debug|x64.ActiveCfg = Debug|x64
		{1F3631B2-AD48-496C-9CC0-930A7EB1F9F6}.Debug|x64.Build.0 = Debug|x64
		{1F3631B2-AD48-496C-9CC0-930A7EB1F9F6}.Hybrid|x64.ActiveCfg = Hybrid|x64
		{1F3631B2-AD48-496C-9CC0-930A7EB1F9F6}.Hybrid|x64.Build.0 = Hybrid|x64
		{1F3631B2-AD48-496C-9CC0-930A7EB1F9F6}.Release|x64.ActiveCfg = Release|x64
		{1F3631B2-AD48-496C-9CC0-930A7EB1F9F6}.Release|x64.Build.0 = Release|x64
		{F1D55432-FD81-4ADD-B209-B01894358430}.Debug|x64.ActiveCfg = Debug|x64
		{F1D55432-FD81-4ADD-B209-B01894358430}.Debug|x64.Build.0 = Debug|x64
		{F1D55432-FD81-4ADD-B209-B01894358430}.Hybrid|x64.ActiveCfg = Release|x64
		{F1D55432-FD81-4ADD-B209-B01894358430}.Hybrid|x64.Build.0 = Release|x64
		{F1D55432-FD81-4ADD-B209-B01894358430}.Release|x64.ActiveCfg = Release|x64
		{F1D55432-FD81-4ADD-B209-B01894358430}.Release|x64.Build.0 = Release|x64
		{722F784D-1196-4C40-BCAA-F1D6482B1958}.Debug|x64.ActiveCfg = Debug|x64
		{722F784D-1196-4C40-BCAA-F1D6482B1958}.Debug|x64.Build.0 = Debug|x64
		{722F784D-1196-4C40-BCAA-F1D6482B1958}.Hybrid|x64.ActiveCfg = Release|x64
		{722F784D-1196-4C40-BCAA-F1D6482B1958}.Hybrid|x64.Build.0 = Release|x64
		{722F784D-1196-4C40-BCAA-F1D6482B1958}.Release|x64.ActiveCfg = Release|x64
		{722F784D-1196-4C40-BCAA-F1D6482B1958}.Release|x64.Build.0 = Release|x64
		{2C51DF81-BFC5-4EBB-95FB-F3080DBB16B4}.Debug|x64.ActiveCfg = Debug|x64
		{2C51DF81-BFC5-4EBB-95FB-F3080DBB16B4}.Debug|x64.Build.0 = Debug|x64
		{2C51DF81-BFC5-4EBB-95FB-F3080DBB16B4}.Hybrid|x64.ActiveCfg = Release|x64
		{2C51DF81-BFC5-4EBB-95FB-F3080DBB16B4}.Hybrid|x64.Build.0 = Release|x64
		{2C51DF81-BFC5-4EBB-95FB-F3080DBB16B4}.Release|x64.ActiveCfg = Release|x64
		{2C51DF81-BFC5-4EBB-95FB-F3080DBB16B4}.Release|x64.Build.0 = Release|x64
		{B3F837A9-6D34-4D96-B5AB-F318C64330F0}.Debug|x64.ActiveCfg = Debug|x64
		{B3F837A9-6D34-4D96-B5AB-F318C64330F0}.Debug|x64.Build.0 = Debug|x64
		{B3F837A9-6D34-4D96-B5AB-F318C64330F0}.Hybrid|x64.ActiveCfg = Release|x64
		{B3F837A9-6D34-4D96-B5AB-F318C64330F0}.Hybrid|x64.Build.0 = Release|x64
		{B3F837A9-6D34-4D96-B5AB-F318C64330F0}.Release|x64.ActiveCfg = Release|x64
		{B3F837A9-6D34-4D96-B5AB-F318C64330F0}.Release|x64.Build.0 = Release|x64
		{E61D1022-71A7-4F49-B1C4-28857092C458}.Debug|x64.ActiveCfg = Debug|x64
		{E61D1022-71A7-4F49-B1C4-28857092C458}.Debug|x64.Build.0 = Debug|x64
		{E61D1022-71A7-4F49-B1C4-28857092C458}.Hybrid|x64.ActiveCfg = Release|x64
		{E61D1022-71A7-4F49-B1C4-28857092C458}.Hybrid|x64.Build.0 = Release|x64
		{E61D1022-71A7-4F49-B1C4-28857092C458}.Release|x64.ActiveCfg = Release|x64
		{E61D1022-71A7-4F49-B1C4-28857092C458}.Release|x64.Build.0 = Release|x64
		{5800C712-105F-42AC-98A1-2DD2793F53DC}.Debug|x64.ActiveCfg = Debug|x64
		{5800C712-105F-42AC-98A1-2DD2793F53DC}.Debug|x64.Build.0 = Debug|x64
		{5800C712-105F-42AC-98A1-2DD2793F53DC}.Hybrid|x64.ActiveCfg = Release|x64
		{5800C712-105F-42AC-98A1-2DD2793F53DC}.Hybrid|x64.Build.0 = Release|x64
		{5800C712-105F-42AC-98A1-2DD2793F53DC}.Release|x64.ActiveCfg = Release|x64
		{5800C712-105F-42AC-98A1-2DD2793F53DC}.Release|x64.Build.0 = Release|x64
		{979B5307-E812-469A-B4FB-76CB6B4A13B5}.Debug|x64.ActiveCfg = Debug|x64
		{979B5307-E812-469A-B4FB-76CB6B4A13B5}.Debug|x64.Build.0 = Debug|x64
		{979B5307-E812-469A-B4FB-76CB6B4A13B5}.Hybrid|x64.ActiveCfg = Release|x64
		{979B5307-E812-469A-B4FB-76CB6B4A13B5}.Hybrid|x64.Build.0 = Release|x64
		{979B5307-E812-469A-B4FB-76CB6B4A13B5}.Release|x64.ActiveCfg = Release|x64
		{979B5307-E812-469A-B4FB-76CB6B4A13B5}.Release|x64.Build.0 = Release|x64
		{C1B29A4F-615D-470A-8F4C-BA3C3FD3F2F7}.Debug|x64.ActiveCfg = Debug|x64
		{C1B29A4F-615D-470A-8F4C-BA3C3FD3F2F7}.Debug|x64.Build.0 = Debug|x64
		{C1B29A4F-615D-470A-8F4C-BA3C3FD3F2F7}.Hybrid|x64.ActiveCfg = Release|x64
		{C1B29A4F-615D-470A-8F4C-BA3C3FD3F2F7}.Hybrid|x64.Build.0 = Release|x64
		{C1B29A4F-615D-470A-8F4C-BA3C3FD3F2F7}.Release|x64.ActiveCfg = Release|x64
		{C1B29A4F-615D-470A-8F4C-BA3C3FD3F2F7}.Release|x64.Build.0 = Release|x64
		{BA3DD0B7-E1A6-44F1-8252-F962B19FCF7C}.Debug|x64.ActiveCfg = Debug|x64
		{BA3DD0B7-E1A6-44F1-8252-F962B19FCF7C}.Debug|x64.Build.0 = Debug|x64
		{BA3DD0B7-E1A6-44F1-8252-F962B19FCF7C}.Hybrid|x64.ActiveCfg = Hybrid|x64
		{BA3DD0B7-E1A6-44F1-8252-F962B19FCF7C}.Hybrid|x64.Build.0 = Hybrid|x64
		{BA3DD0B7-E1A6-44F1-8252-F962B19FCF7C}.Release|x64.ActiveCfg = Release|x64
		{BA3DD0B7-E1A6-44F1-8252-F962B19FCF7C}.Release|x64.Build.0 = Release|x64
		{C6D8F94E-6744-4949-8BC8-A3F4BE18247F}.Debug|x64.ActiveCfg = Debug|x64
		{C6D8F94E-6744-4949-8BC8-A3F4BE18247F}.Debug|x64.Build.0 = Debug|x64
		{C6D8F94E-6744-4949-8BC8-A3F4BE18247F}.Hybrid|x64.ActiveCfg = Hybrid|x64
		{C6D8F94E-6744-4949-8BC8-A3F4BE18247F}.Hybrid|x64.Build.0 = Hybrid|x64
		{C6D8F94E-6744-4949-8BC8-A3F4BE18247F}.Release|x64.ActiveCfg = Release|x64
		{C6D8F94E-6744-4949-8BC8-A3F4BE18247F}.Release|x64.Build.0 = Release|x64
		{CACEF108-C794-468D-A135-E68193E39059}.Debug|x64.ActiveCfg = Debug|x64
		{CACEF108-C794-468D-A135-E68193E39059}.Debug|x64.Build.0 = Debug|x64
		{CACEF108-C794-468D-A135-E68193E39059}.Hybrid|x64.ActiveCfg = Hybrid|x64
		{CACEF108-C794-468D-A135-E68193E39059}.Hybrid|x64.Build.0 = Hybrid|x64
		{CACEF108-C794-468D-A135-E68193E39059}.Release|x64.ActiveCfg = Release|x64
		{CACEF108-C794-468D-A135-E68193E39059}.Release|x64.Build.0 = Release|x64
		{4F87743A-D492-497B-ACB4-8E1EE6D5018A}.Debug|x64.ActiveCfg = Debug|x64
		{4F87743A-D492-497B-ACB4-8E1EE6D5018A}.Debug|x64.Build.0 = Debug|x64
		{4F87743A-D492-497B-ACB4-8E1EE6D5018A}.Hybrid|x64.ActiveCfg = Hybrid|x64
		{4F87743A-D492-497B-ACB4-8E1EE6D5018A}.Hybrid|x64.Build.0 = Hybrid|x64
		{4F87743A-D492-497B-ACB4-8E1EE6D5018A}.Release|x64.ActiveCfg = Release|x64
		{4F87743A-D492-497B-ACB4-8E1EE6D5018A}.Release|x64.Build.0 = Release|x64
	EndGlobalSection
	GlobalSection(SolutionProperties) = preSolution
		HideSolutionNode = FALSE
	EndGlobalSection
EndGlobal
