<?xml version="1.0" encoding="utf-8"?>
<Project ToolsVersion="4.0" xmlns="http://schemas.microsoft.com/developer/msbuild/2003">
  <ItemGroup>
    <ClInclude Include="Source\Tracker.h">
      <Filter>Headers</Filter>
    </ClInclude>
    <ClInclude Include="Source\LocationDataProvider.h">
      <Filter>Headers</Filter>
    </ClInclude>
    <ClInclude Include="Source\ILocationDataProvider.h">
      <Filter>Headers</Filter>
    </ClInclude>
    <ClInclude Include="Source\Util.h">
      <Filter>Headers</Filter>
    </ClInclude>
  </ItemGroup>
  <ItemGroup>
    <Filter Include="Headers">
      <UniqueIdentifier>{6a9ec678-7ecb-4152-b9de-28c39049fd86}</UniqueIdentifier>
    </Filter>
    <Filter Include="Resource Files">
      <UniqueIdentifier>{0f19ff54-04a1-46fd-8e82-15dbe817bf63}</UniqueIdentifier>
    </Filter>
    <Filter Include="SDK">
      <UniqueIdentifier>{4c33b119-d7b1-4bff-ae73-1bf588cc092f}</UniqueIdentifier>
    </Filter>
    <Filter Include="Source">
      <UniqueIdentifier>{d3b47ba4-e6b2-4d34-9f99-c8ff51ab8961}</UniqueIdentifier>
    </Filter>
  </ItemGroup>
  <ItemGroup>
    <ClCompile Include="Source\Tracker.cpp">
      <Filter>Source</Filter>
    </ClCompile>
    <ClCompile Include="Source\LocationDataProvider.cpp">
      <Filter>Source</Filter>
    </ClCompile>
    <ClCompile Include="Source\DllMain.cpp">
      <Filter>Source</Filter>
    </ClCompile>
  </ItemGroup>
</Project>